
Microsoft Visual Studio Solution File, Format Version 12.00
# Visual Studio Version 17
VisualStudioVersion = 17.14.36401.2 d17.14
MinimumVisualStudioVersion = 10.0.40219.1
Project("{FAE04EC0-301F-11D3-BF4B-00C04F79EFBC}") = "DevQuest.HttpApi", "DevQuest.HttpApi\DevQuest.HttpApi.csproj", "{BA3E94E3-A01A-466D-A2FE-A0412153B8AA}"
EndProject
Project("{FAE04EC0-301F-11D3-BF4B-00C04F79EFBC}") = "DevQuest.Domain", "DevQuest.Domain\DevQuest.Domain.csproj", "{E43D7F25-0969-46F8-9093-6C6AC8F7CC95}"
EndProject
Project("{2150E333-8FDC-42A3-9474-1A3956D46DE8}") = "Src", "Src", "{02EA681E-C7D8-13C7-8484-4AC65E1B71E8}"
EndProject
Project("{FAE04EC0-301F-11D3-BF4B-00C04F79EFBC}") = "DevQuest.Application", "DevQuest.Application\DevQuest.Application.csproj", "{1705390E-1888-4B9F-BB40-F722CBB169E7}"
EndProject
Project("{FAE04EC0-301F-11D3-BF4B-00C04F79EFBC}") = "DevQuest.Infrastructure", "DevQuest.Infrastructure\DevQuest.Infrastructure.csproj", "{BF13539E-090F-444A-B2AC-BC203C07C4A3}"
EndProject
Global
	GlobalSection(SolutionConfigurationPlatforms) = preSolution
		Debug|Any CPU = Debug|Any CPU
		Release|Any CPU = Release|Any CPU
	EndGlobalSection
	GlobalSection(ProjectConfigurationPlatforms) = postSolution
		{BA3E94E3-A01A-466D-A2FE-A0412153B8AA}.Debug|Any CPU.ActiveCfg = Debug|Any CPU
		{BA3E94E3-A01A-466D-A2FE-A0412153B8AA}.Debug|Any CPU.Build.0 = Debug|Any CPU
		{BA3E94E3-A01A-466D-A2FE-A0412153B8AA}.Release|Any CPU.ActiveCfg = Release|Any CPU
		{BA3E94E3-A01A-466D-A2FE-A0412153B8AA}.Release|Any CPU.Build.0 = Release|Any CPU
		{E43D7F25-0969-46F8-9093-6C6AC8F7CC95}.Debug|Any CPU.ActiveCfg = Debug|Any CPU
		{E43D7F25-0969-46F8-9093-6C6AC8F7CC95}.Debug|Any CPU.Build.0 = Debug|Any CPU
		{E43D7F25-0969-46F8-9093-6C6AC8F7CC95}.Release|Any CPU.ActiveCfg = Release|Any CPU
		{E43D7F25-0969-46F8-9093-6C6AC8F7CC95}.Release|Any CPU.Build.0 = Release|Any CPU
		{1705390E-1888-4B9F-BB40-F722CBB169E7}.Debug|Any CPU.ActiveCfg = Debug|Any CPU
		{1705390E-1888-4B9F-BB40-F722CBB169E7}.Debug|Any CPU.Build.0 = Debug|Any CPU
		{1705390E-1888-4B9F-BB40-F722CBB169E7}.Release|Any CPU.ActiveCfg = Release|Any CPU
		{1705390E-1888-4B9F-BB40-F722CBB169E7}.Release|Any CPU.Build.0 = Release|Any CPU
		{BF13539E-090F-444A-B2AC-BC203C07C4A3}.Debug|Any CPU.ActiveCfg = Debug|Any CPU
		{BF13539E-090F-444A-B2AC-BC203C07C4A3}.Debug|Any CPU.Build.0 = Debug|Any CPU
		{BF13539E-090F-444A-B2AC-BC203C07C4A3}.Release|Any CPU.ActiveCfg = Release|Any CPU
		{BF13539E-090F-444A-B2AC-BC203C07C4A3}.Release|Any CPU.Build.0 = Release|Any CPU
	EndGlobalSection
	GlobalSection(SolutionProperties) = preSolution
		HideSolutionNode = FALSE
	EndGlobalSection
	GlobalSection(NestedProjects) = preSolution
		{BA3E94E3-A01A-466D-A2FE-A0412153B8AA} = {02EA681E-C7D8-13C7-8484-4AC65E1B71E8}
		{E43D7F25-0969-46F8-9093-6C6AC8F7CC95} = {02EA681E-C7D8-13C7-8484-4AC65E1B71E8}
		{1705390E-1888-4B9F-BB40-F722CBB169E7} = {02EA681E-C7D8-13C7-8484-4AC65E1B71E8}
		{BF13539E-090F-444A-B2AC-BC203C07C4A3} = {02EA681E-C7D8-13C7-8484-4AC65E1B71E8}
	EndGlobalSection
	GlobalSection(ExtensibilityGlobals) = postSolution
		SolutionGuid = {CA1C96BE-DE78-4AB7-93F1-82E3646F3150}
	EndGlobalSection
EndGlobal
